<?xml version="1.0" encoding="utf-8"?>
<Project ToolsVersion="4.0" xmlns="http://schemas.microsoft.com/developer/msbuild/2003">
  <ItemGroup>
    <Filter Include="Quelldateien">
      <UniqueIdentifier>{4FC737F1-C7A5-4376-A066-2A32D752A2FF}</UniqueIdentifier>
      <Extensions>cpp;c;cc;cxx;def;odl;idl;hpj;bat;asm;asmx</Extensions>
    </Filter>
    <Filter Include="Headerdateien">
      <UniqueIdentifier>{93995380-89BD-4b04-88EB-625FBE52EBFB}</UniqueIdentifier>
      <Extensions>h;hh;hpp;hxx;hm;inl;inc;ipp;xsd</Extensions>
    </Filter>
    <Filter Include="Ressourcendateien">
      <UniqueIdentifier>{67DA6AB6-F800-4c08-8B7A-83BB121AAD01}</UniqueIdentifier>
      <Extensions>rc;ico;cur;bmp;dlg;rc2;rct;bin;rgs;gif;jpg;jpeg;jpe;resx;tiff;tif;png;wav;mfcribbon-ms</Extensions>
    </Filter>
    <Filter Include="Quelldateien\jni">
      <UniqueIdentifier>{416f32f9-628f-4166-b977-ae9aa3b0863d}</UniqueIdentifier>
    </Filter>
    <Filter Include="Quelldateien\windows">
      <UniqueIdentifier>{2789f0c1-332b-4053-bf94-d88aa0244555}</UniqueIdentifier>
    </Filter>
    <Filter Include="Headerdateien\jni">
      <UniqueIdentifier>{ab70e1b5-4112-4b8b-b114-cec34447ab23}</UniqueIdentifier>
    </Filter>
    <Filter Include="Headerdateien\windows">
      <UniqueIdentifier>{2b90ce94-2db9-4a7a-af92-723731b7cd9e}</UniqueIdentifier>
    </Filter>
  </ItemGroup>
  <ItemGroup>
    <ClInclude Include="framework.h">
      <Filter>Headerdateien</Filter>
    </ClInclude>
    <ClInclude Include="pch.h">
      <Filter>Headerdateien</Filter>
    </ClInclude>
    <ClInclude Include="crossplatformapi_jni_keyboard_KeyboardListener.h">
      <Filter>Headerdateien\jni</Filter>
    </ClInclude>
    <ClInclude Include="crossplatformapi_jni_keyboard_NativeKeyboard.h">
      <Filter>Headerdateien\jni</Filter>
    </ClInclude>
    <ClInclude Include="crossplatformapi_jni_mouse_MouseListener.h">
      <Filter>Headerdateien\jni</Filter>
    </ClInclude>
    <ClInclude Include="crossplatformapi_jni_mouse_NativeMouse.h">
      <Filter>Headerdateien\jni</Filter>
    </ClInclude>
    <ClInclude Include="crossplatformapi_jni_network_Network.h">
      <Filter>Headerdateien\jni</Filter>
    </ClInclude>
    <ClInclude Include="crossplatformapi_jni_stats_PowerStates.h">
      <Filter>Headerdateien\jni</Filter>
    </ClInclude>
    <ClInclude Include="window.h">
      <Filter>Headerdateien\windows</Filter>
    </ClInclude>
    <ClInclude Include="keyboard.h">
      <Filter>Headerdateien\windows</Filter>
    </ClInclude>
    <ClInclude Include="keyboardListener.h">
      <Filter>Headerdateien\windows</Filter>
    </ClInclude>
    <ClInclude Include="mouse.h">
      <Filter>Headerdateien\windows</Filter>
    </ClInclude>
    <ClInclude Include="crossplatformapi_jni_window_NativeWindow.h">
      <Filter>Headerdateien\jni</Filter>
    </ClInclude>
    <ClInclude Include="crossplatformapi_jni_window_WindowListener.h">
      <Filter>Headerdateien\jni</Filter>
    </ClInclude>
    <ClInclude Include="windowListener.h">
      <Filter>Headerdateien\windows</Filter>
    </ClInclude>
    <ClInclude Include="crossplatformapi_jni_display_NativeDisplay.h">
      <Filter>Headerdateien\jni</Filter>
    </ClInclude>
  </ItemGroup>
  <ItemGroup>
    <ClCompile Include="dllmain.cpp">
      <Filter>Quelldateien</Filter>
    </ClCompile>
    <ClCompile Include="pch.cpp">
      <Filter>Quelldateien</Filter>
    </ClCompile>
    <ClCompile Include="window.cpp">
      <Filter>Quelldateien\windows</Filter>
    </ClCompile>
    <ClCompile Include="jni_window.cpp">
      <Filter>Quelldateien\jni</Filter>
    </ClCompile>
    <ClCompile Include="keyboardListener.cpp">
      <Filter>Quelldateien\windows</Filter>
    </ClCompile>
    <ClCompile Include="jni_keyboardListener.cpp">
      <Filter>Quelldateien\jni</Filter>
    </ClCompile>
    <ClCompile Include="keyboard.cpp">
      <Filter>Quelldateien\windows</Filter>
    </ClCompile>
    <ClCompile Include="jni_keyboard.cpp">
      <Filter>Quelldateien\jni</Filter>
    </ClCompile>
    <ClCompile Include="mouse.cpp">
      <Filter>Quelldateien\windows</Filter>
    </ClCompile>
    <ClCompile Include="jni_mouse.cpp">
      <Filter>Quelldateien\jni</Filter>
    </ClCompile>
    <ClCompile Include="PowerState.cpp">
      <Filter>Quelldateien\jni</Filter>
    </ClCompile>
    <ClCompile Include="mouseListener.cpp">
      <Filter>Quelldateien\jni</Filter>
    </ClCompile>
    <ClCompile Include="Network.cpp">
      <Filter>Quelldateien\jni</Filter>
    </ClCompile>
    <ClCompile Include="windowListener.cpp">
      <Filter>Quelldateien\windows</Filter>
    </ClCompile>
    <ClCompile Include="jni_windowListener.cpp">
      <Filter>Quelldateien\jni</Filter>
    </ClCompile>
    <ClCompile Include="monitors.cpp">
      <Filter>Quelldateien\windows</Filter>
    </ClCompile>
  </ItemGroup>
</Project>